
Microsoft Visual Studio Solution File, Format Version 12.00
# Visual Studio Version 16
VisualStudioVersion = 16.0.30114.105
MinimumVisualStudioVersion = 10.0.40219.1
Project("{FAE04EC0-301F-11D3-BF4B-00C04F79EFBC}") = "Day01", "Day01\Day01.csproj", "{E088D8A1-E132-4D7E-B708-C74EDBFB3085}"
EndProject
Project("{FAE04EC0-301F-11D3-BF4B-00C04F79EFBC}") = "Day02", "Day02\Day02.csproj", "{8331CCEA-970F-429E-894D-75676413B19F}"
EndProject
Project("{FAE04EC0-301F-11D3-BF4B-00C04F79EFBC}") = "Day03", "Day03\Day03.csproj", "{DA18206C-A7E8-4208-9929-55F619998524}"
EndProject
Project("{FAE04EC0-301F-11D3-BF4B-00C04F79EFBC}") = "Day04", "Day04\Day04.csproj", "{5DABFD81-1378-429C-9561-94E227F3C5C7}"
EndProject
Project("{FAE04EC0-301F-11D3-BF4B-00C04F79EFBC}") = "Day05", "Day05\Day05.csproj", "{0FC7EAD4-CBE6-41F5-A7D3-F91E8DF10541}"
EndProject
Project("{FAE04EC0-301F-11D3-BF4B-00C04F79EFBC}") = "Day06", "Day06\Day06.csproj", "{2212B90C-54C3-4E34-A79B-0D783B614A77}"
EndProject
Global
	GlobalSection(SolutionConfigurationPlatforms) = preSolution
		Debug|Any CPU = Debug|Any CPU
		Release|Any CPU = Release|Any CPU
	EndGlobalSection
	GlobalSection(SolutionProperties) = preSolution
		HideSolutionNode = FALSE
	EndGlobalSection
	GlobalSection(ProjectConfigurationPlatforms) = postSolution
		{E088D8A1-E132-4D7E-B708-C74EDBFB3085}.Debug|Any CPU.ActiveCfg = Debug|Any CPU
		{E088D8A1-E132-4D7E-B708-C74EDBFB3085}.Debug|Any CPU.Build.0 = Debug|Any CPU
		{E088D8A1-E132-4D7E-B708-C74EDBFB3085}.Release|Any CPU.ActiveCfg = Release|Any CPU
		{E088D8A1-E132-4D7E-B708-C74EDBFB3085}.Release|Any CPU.Build.0 = Release|Any CPU
		{8331CCEA-970F-429E-894D-75676413B19F}.Debug|Any CPU.ActiveCfg = Debug|Any CPU
		{8331CCEA-970F-429E-894D-75676413B19F}.Debug|Any CPU.Build.0 = Debug|Any CPU
		{8331CCEA-970F-429E-894D-75676413B19F}.Release|Any CPU.ActiveCfg = Release|Any CPU
		{8331CCEA-970F-429E-894D-75676413B19F}.Release|Any CPU.Build.0 = Release|Any CPU
		{DA18206C-A7E8-4208-9929-55F619998524}.Debug|Any CPU.ActiveCfg = Debug|Any CPU
		{DA18206C-A7E8-4208-9929-55F619998524}.Debug|Any CPU.Build.0 = Debug|Any CPU
		{DA18206C-A7E8-4208-9929-55F619998524}.Release|Any CPU.ActiveCfg = Release|Any CPU
		{DA18206C-A7E8-4208-9929-55F619998524}.Release|Any CPU.Build.0 = Release|Any CPU
		{5DABFD81-1378-429C-9561-94E227F3C5C7}.Debug|Any CPU.ActiveCfg = Debug|Any CPU
		{5DABFD81-1378-429C-9561-94E227F3C5C7}.Debug|Any CPU.Build.0 = Debug|Any CPU
		{5DABFD81-1378-429C-9561-94E227F3C5C7}.Release|Any CPU.ActiveCfg = Release|Any CPU
		{5DABFD81-1378-429C-9561-94E227F3C5C7}.Release|Any CPU.Build.0 = Release|Any CPU
		{0FC7EAD4-CBE6-41F5-A7D3-F91E8DF10541}.Debug|Any CPU.ActiveCfg = Debug|Any CPU
		{0FC7EAD4-CBE6-41F5-A7D3-F91E8DF10541}.Debug|Any CPU.Build.0 = Debug|Any CPU
		{0FC7EAD4-CBE6-41F5-A7D3-F91E8DF10541}.Release|Any CPU.ActiveCfg = Release|Any CPU
		{0FC7EAD4-CBE6-41F5-A7D3-F91E8DF10541}.Release|Any CPU.Build.0 = Release|Any CPU
		{2212B90C-54C3-4E34-A79B-0D783B614A77}.Debug|Any CPU.ActiveCfg = Debug|Any CPU
		{2212B90C-54C3-4E34-A79B-0D783B614A77}.Debug|Any CPU.Build.0 = Debug|Any CPU
		{2212B90C-54C3-4E34-A79B-0D783B614A77}.Release|Any CPU.ActiveCfg = Release|Any CPU
		{2212B90C-54C3-4E34-A79B-0D783B614A77}.Release|Any CPU.Build.0 = Release|Any CPU
	EndGlobalSection
EndGlobal
